// !$*UTF8*$!
{
	archiveVersion = 1;
	classes = {
	};
	objectVersion = 63;
	objects = {

/* Begin PBXBuildFile section */
		33B5D6232F7E141E0075788F /* main.m in Sources */ = {isa = PBXBuildFile; fileRef = 33B5D6212F7E141E0075788F /* main.m */; };
		33B5D6302F7E15440075788F /* WTLogger.m in Sources */ = {isa = PBXBuildFile; fileRef = 33B5D62F2F7E15440075788F /* WTLogger.m */; };
		33B5D6342F7ECF910075788F /* WTUtils.m in Sources */ = {isa = PBXBuildFile; fileRef = 33B5D6332F7ECF910075788F /* WTUtils.m */; };
		33B5D6382F7EDB040075788F /* WTConfigParser.m in Sources */ = {isa = PBXBuildFile; fileRef = 33B5D6372F7EDB030075788F /* WTConfigParser.m */; };
/* End PBXBuildFile section */

/* Begin PBXCopyFilesBuildPhase section */
		3343BA822F7DC0DA007EBB02 /* CopyFiles */ = {
			isa = PBXCopyFilesBuildPhase;
			buildActionMask = 2147483647;
			dstPath = /usr/share/man/man1/;
			dstSubfolderSpec = 0;
			files = (
			);
			runOnlyForDeploymentPostprocessing = 1;
		};
/* End PBXCopyFilesBuildPhase section */

/* Begin PBXFileReference section */
		3343BA842F7DC0DA007EBB02 /* wakatime-cli */ = {isa = PBXFileReference; explicitFileType = "compiled.mach-o.executable"; includeInIndex = 0; path = "wakatime-cli"; sourceTree = BUILT_PRODUCTS_DIR; };
		33B5D6212F7E141E0075788F /* main.m */ = {isa = PBXFileReference; lastKnownFileType = sourcecode.c.objc; path = main.m; sourceTree = "<group>"; };
		33B5D62E2F7E15440075788F /* WTLogger.h */ = {isa = PBXFileReference; lastKnownFileType = sourcecode.c.h; path = WTLogger.h; sourceTree = "<group>"; };
		33B5D62F2F7E15440075788F /* WTLogger.m */ = {isa = PBXFileReference; lastKnownFileType = sourcecode.c.objc; path = WTLogger.m; sourceTree = "<group>"; };
		33B5D6322F7ECF910075788F /* WTUtils.h */ = {isa = PBXFileReference; lastKnownFileType = sourcecode.c.h; path = WTUtils.h; sourceTree = "<group>"; };
		33B5D6332F7ECF910075788F /* WTUtils.m */ = {isa = PBXFileReference; lastKnownFileType = sourcecode.c.objc; path = WTUtils.m; sourceTree = "<group>"; };
		33B5D6362F7EDB030075788F /* WTConfigParser.h */ = {isa = PBXFileReference; lastKnownFileType = sourcecode.c.h; path = WTConfigParser.h; sourceTree = "<group>"; };
		33B5D6372F7EDB030075788F /* WTConfigParser.m */ = {isa = PBXFileReference; lastKnownFileType = sourcecode.c.objc; path = WTConfigParser.m; sourceTree = "<group>"; };
/* End PBXFileReference section */

/* Begin PBXFrameworksBuildPhase section */
		3343BA812F7DC0DA007EBB02 /* Frameworks */ = {
			isa = PBXFrameworksBuildPhase;
			buildActionMask = 2147483647;
			files = (
			);
			runOnlyForDeploymentPostprocessing = 0;
		};
/* End PBXFrameworksBuildPhase section */

/* Begin PBXGroup section */
		3343BA7B2F7DC0DA007EBB02 = {
			isa = PBXGroup;
			children = (
				33B5D6222F7E141E0075788F /* wakatime-cli */,
				3343BA852F7DC0DA007EBB02 /* Products */,
			);
			sourceTree = "<group>";
		};
		3343BA852F7DC0DA007EBB02 /* Products */ = {
			isa = PBXGroup;
			children = (
				3343BA842F7DC0DA007EBB02 /* wakatime-cli */,
			);
			name = Products;
			sourceTree = "<group>";
		};
		33B5D6222F7E141E0075788F /* wakatime-cli */ = {
			isa = PBXGroup;
			children = (
				33B5D6352F7EDAF40075788F /* ConfigParser */,
				33B5D6312F7EC1460075788F /* Utils */,
				33B5D62C2F7E15290075788F /* Logger */,
				33B5D6212F7E141E0075788F /* main.m */,
			);
			path = "wakatime-cli";
			sourceTree = "<group>";
		};
		33B5D62C2F7E15290075788F /* Logger */ = {
			isa = PBXGroup;
			children = (
				33B5D62E2F7E15440075788F /* WTLogger.h */,
				33B5D62F2F7E15440075788F /* WTLogger.m */,
			);
			path = Logger;
			sourceTree = "<group>";
		};
		33B5D6312F7EC1460075788F /* Utils */ = {
			isa = PBXGroup;
			children = (
				33B5D6322F7ECF910075788F /* WTUtils.h */,
				33B5D6332F7ECF910075788F /* WTUtils.m */,
			);
			path = Utils;
			sourceTree = "<group>";
		};
		33B5D6352F7EDAF40075788F /* ConfigParser */ = {
			isa = PBXGroup;
			children = (
				33B5D6362F7EDB030075788F /* WTConfigParser.h */,
				33B5D6372F7EDB030075788F /* WTConfigParser.m */,
			);
			path = ConfigParser;
			sourceTree = "<group>";
		};
/* End PBXGroup section */

/* Begin PBXNativeTarget section */
		3343BA832F7DC0DA007EBB02 /* wakatime-cli */ = {
			isa = PBXNativeTarget;
			buildConfigurationList = 3343BA8B2F7DC0DA007EBB02 /* Build configuration list for PBXNativeTarget "wakatime-cli" */;
			buildPhases = (
				3343BA802F7DC0DA007EBB02 /* Sources */,
				3343BA812F7DC0DA007EBB02 /* Frameworks */,
				3343BA822F7DC0DA007EBB02 /* CopyFiles */,
			);
			buildRules = (
			);
			dependencies = (
			);
			name = "wakatime-cli";
			packageProductDependencies = (
			);
			productName = "wakatime-cli";
			productReference = 3343BA842F7DC0DA007EBB02 /* wakatime-cli */;
			productType = "com.apple.product-type.tool";
		};
/* End PBXNativeTarget section */

/* Begin PBXProject section */
		3343BA7C2F7DC0DA007EBB02 /* Project object */ = {
			isa = PBXProject;
			attributes = {
				BuildIndependentTargetsInParallel = 1;
				KnownAssetTags = (
					New,
				);
				LastUpgradeCheck = 2620;
				TargetAttributes = {
					3343BA832F7DC0DA007EBB02 = {
						CreatedOnToolsVersion = 26.2;
					};
				};
			};
			buildConfigurationList = 3343BA7F2F7DC0DA007EBB02 /* Build configuration list for PBXProject "wakatime-cli" */;
			compatibilityVersion = "Xcode 12.0";
			developmentRegion = en;
			hasScannedForEncodings = 0;
			knownRegions = (
				en,
				Base,
			);
			mainGroup = 3343BA7B2F7DC0DA007EBB02;
			minimizedProjectReferenceProxies = 1;
			productRefGroup = 3343BA852F7DC0DA007EBB02 /* Products */;
			projectDirPath = "";
			projectRoot = "";
			targets = (
				3343BA832F7DC0DA007EBB02 /* wakatime-cli */,
			);
		};
/* End PBXProject section */

/* Begin PBXSourcesBuildPhase section */
		3343BA802F7DC0DA007EBB02 /* Sources */ = {
			isa = PBXSourcesBuildPhase;
			buildActionMask = 2147483647;
			files = (
				33B5D6342F7ECF910075788F /* WTUtils.m in Sources */,
				33B5D6382F7EDB040075788F /* WTConfigParser.m in Sources */,
				33B5D6302F7E15440075788F /* WTLogger.m in Sources */,
				33B5D6232F7E141E0075788F /* main.m in Sources */,
			);
			runOnlyForDeploymentPostprocessing = 0;
		};
/* End PBXSourcesBuildPhase section */

/* Begin XCBuildConfiguration section */
		3343BA892F7DC0DA007EBB02 /* Debug */ = {
			isa = XCBuildConfiguration;
			buildSettings = {
				ALWAYS_SEARCH_USER_PATHS = NO;
				ARCHS = x86_64;
				ASSETCATALOG_COMPILER_GENERATE_SWIFT_ASSET_SYMBOL_EXTENSIONS = YES;
				CLANG_ANALYZER_NONNULL = YES;
				CLANG_ANALYZER_NUMBER_OBJECT_CONVERSION = YES_AGGRESSIVE;
				CLANG_CXX_LANGUAGE_STANDARD = "gnu++20";
				CLANG_ENABLE_MODULES = YES;
				CLANG_ENABLE_OBJC_ARC = YES;
				CLANG_ENABLE_OBJC_WEAK = YES;
				CLANG_WARN_BLOCK_CAPTURE_AUTORELEASING = YES;
				CLANG_WARN_BOOL_CONVERSION = YES;
				CLANG_WARN_COMMA = YES;
				CLANG_WARN_CONSTANT_CONVERSION = YES;
				CLANG_WARN_DEPRECATED_OBJC_IMPLEMENTATIONS = YES;
				CLANG_WARN_DIRECT_OBJC_ISA_USAGE = YES_ERROR;
				CLANG_WARN_DOCUMENTATION_COMMENTS = YES;
				CLANG_WARN_EMPTY_BODY = YES;
				CLANG_WARN_ENUM_CONVERSION = YES;
				CLANG_WARN_INFINITE_RECURSION = YES;
				CLANG_WARN_INT_CONVERSION = YES;
				CLANG_WARN_NON_LITERAL_NULL_CONVERSION = YES;
				CLANG_WARN_OBJC_IMPLICIT_RETAIN_SELF = YES;
				CLANG_WARN_OBJC_LITERAL_CONVERSION = YES;
				CLANG_WARN_OBJC_ROOT_CLASS = YES_ERROR;
				CLANG_WARN_QUOTED_INCLUDE_IN_FRAMEWORK_HEADER = YES;
				CLANG_WARN_RANGE_LOOP_ANALYSIS = YES;
				CLANG_WARN_STRICT_PROTOTYPES = YES;
				CLANG_WARN_SUSPICIOUS_MOVE = YES;
				CLANG_WARN_UNGUARDED_AVAILABILITY = YES_AGGRESSIVE;
				CLANG_WARN_UNREACHABLE_CODE = YES;
				CLANG_WARN__DUPLICATE_METHOD_MATCH = YES;
				COPY_PHASE_STRIP = NO;
				DEBUG_INFORMATION_FORMAT = dwarf;
				ENABLE_STRICT_OBJC_MSGSEND = YES;
				ENABLE_TESTABILITY = YES;
				ENABLE_USER_SCRIPT_SANDBOXING = YES;
				GCC_C_LANGUAGE_STANDARD = gnu17;
				GCC_DYNAMIC_NO_PIC = NO;
				GCC_NO_COMMON_BLOCKS = YES;
				GCC_OPTIMIZATION_LEVEL = 0;
				GCC_PREPROCESSOR_DEFINITIONS = (
					"DEBUG=1",
					"$(inherited)",
				);
				GCC_WARN_64_TO_32_BIT_CONVERSION = YES;
				GCC_WARN_ABOUT_RETURN_TYPE = YES_ERROR;
				GCC_WARN_UNDECLARED_SELECTOR = YES;
				GCC_WARN_UNINITIALIZED_AUTOS = YES_AGGRESSIVE;
				GCC_WARN_UNUSED_FUNCTION = YES;
				GCC_WARN_UNUSED_VARIABLE = YES;
				LOCALIZATION_PREFERS_STRING_CATALOGS = YES;
				MACOSX_DEPLOYMENT_TARGET = 10.8;
				MTL_ENABLE_DEBUG_INFO = INCLUDE_SOURCE;
				MTL_FAST_MATH = YES;
				ONLY_ACTIVE_ARCH = YES;
				SDKROOT = macosx10.9;
			};
			name = Debug;
		};
		3343BA8A2F7DC0DA007EBB02 /* Release */ = {
			isa = XCBuildConfiguration;
			buildSettings = {
				ALWAYS_SEARCH_USER_PATHS = NO;
				ARCHS = x86_64;
				ASSETCATALOG_COMPILER_GENERATE_SWIFT_ASSET_SYMBOL_EXTENSIONS = YES;
				CLANG_ANALYZER_NONNULL = YES;
				CLANG_ANALYZER_NUMBER_OBJECT_CONVERSION = YES_AGGRESSIVE;
				CLANG_CXX_LANGUAGE_STANDARD = "gnu++20";
				CLANG_ENABLE_MODULES = YES;
				CLANG_ENABLE_OBJC_ARC = YES;
				CLANG_ENABLE_OBJC_WEAK = YES;
				CLANG_WARN_BLOCK_CAPTURE_AUTORELEASING = YES;
				CLANG_WARN_BOOL_CONVERSION = YES;
				CLANG_WARN_COMMA = YES;
				CLANG_WARN_CONSTANT_CONVERSION = YES;
				CLANG_WARN_DEPRECATED_OBJC_IMPLEMENTATIONS = YES;
				CLANG_WARN_DIRECT_OBJC_ISA_USAGE = YES_ERROR;
				CLANG_WARN_DOCUMENTATION_COMMENTS = YES;
				CLANG_WARN_EMPTY_BODY = YES;
				CLANG_WARN_ENUM_CONVERSION = YES;
				CLANG_WARN_INFINITE_RECURSION = YES;
				CLANG_WARN_INT_CONVERSION = YES;
				CLANG_WARN_NON_LITERAL_NULL_CONVERSION = YES;
				CLANG_WARN_OBJC_IMPLICIT_RETAIN_SELF = YES;
				CLANG_WARN_OBJC_LITERAL_CONVERSION = YES;
				CLANG_WARN_OBJC_ROOT_CLASS = YES_ERROR;
				CLANG_WARN_QUOTED_INCLUDE_IN_FRAMEWORK_HEADER = YES;
				CLANG_WARN_RANGE_LOOP_ANALYSIS = YES;
				CLANG_WARN_STRICT_PROTOTYPES = YES;
				CLANG_WARN_SUSPICIOUS_MOVE = YES;
				CLANG_WARN_UNGUARDED_AVAILABILITY = YES_AGGRESSIVE;
				CLANG_WARN_UNREACHABLE_CODE = YES;
				CLANG_WARN__DUPLICATE_METHOD_MATCH = YES;
				COPY_PHASE_STRIP = NO;
				DEBUG_INFORMATION_FORMAT = "dwarf-with-dsym";
				ENABLE_NS_ASSERTIONS = NO;
				ENABLE_STRICT_OBJC_MSGSEND = YES;
				ENABLE_USER_SCRIPT_SANDBOXING = YES;
				GCC_C_LANGUAGE_STANDARD = gnu17;
				GCC_NO_COMMON_BLOCKS = YES;
				GCC_WARN_64_TO_32_BIT_CONVERSION = YES;
				GCC_WARN_ABOUT_RETURN_TYPE = YES_ERROR;
				GCC_WARN_UNDECLARED_SELECTOR = YES;
				GCC_WARN_UNINITIALIZED_AUTOS = YES_AGGRESSIVE;
				GCC_WARN_UNUSED_FUNCTION = YES;
				GCC_WARN_UNUSED_VARIABLE = YES;
				LOCALIZATION_PREFERS_STRING_CATALOGS = YES;
				MACOSX_DEPLOYMENT_TARGET = 10.8;
				MTL_ENABLE_DEBUG_INFO = NO;
				MTL_FAST_MATH = YES;
				SDKROOT = macosx10.9;
			};
			name = Release;
		};
		3343BA8C2F7DC0DA007EBB02 /* Debug */ = {
			isa = XCBuildConfiguration;
			buildSettings = {
				CLANG_ENABLE_OBJC_ARC = YES;
				CLANG_ENABLE_OBJC_ARC_EXCEPTIONS = YES;
				CLANG_ENABLE_OBJC_WEAK = YES;
				CLANG_LINK_OBJC_RUNTIME = YES;
				CODE_SIGN_STYLE = Automatic;
				MACOSX_DEPLOYMENT_TARGET = 10.8;
				ONLY_ACTIVE_ARCH = NO;
				OTHER_CFLAGS = "-lobjc";
				OTHER_LDFLAGS = (
					"-ld_classic",
					"-Wl,-U,_objc_readClassPair",
					"-Wl,-U,_objc_loadClassref",
					"-lobjc",
				);
				PRODUCT_NAME = "$(TARGET_NAME)";
				SDKROOT = macosx;
				VALIDATE_DEPLOYMENT_TARGET = No;
			};
			name = Debug;
		};
		3343BA8D2F7DC0DA007EBB02 /* Release */ = {
			isa = XCBuildConfiguration;
			buildSettings = {
				CLANG_ENABLE_OBJC_ARC = YES;
				CLANG_ENABLE_OBJC_ARC_EXCEPTIONS = YES;
				CLANG_ENABLE_OBJC_WEAK = YES;
				CLANG_LINK_OBJC_RUNTIME = YES;
				CODE_SIGN_STYLE = Automatic;
				MACOSX_DEPLOYMENT_TARGET = 10.8;
				ONLY_ACTIVE_ARCH = NO;
				OTHER_CFLAGS = "-lobjc";
				OTHER_LDFLAGS = (
					"-ld_classic",
					"-Wl,-U,_objc_readClassPair",
					"-Wl,-U,_objc_loadClassref",
					"-lobjc",
				);
				PRODUCT_NAME = "$(TARGET_NAME)";
				SDKROOT = macosx;
				VALIDATE_DEPLOYMENT_TARGET = No;
			};
			name = Release;
		};
/* End XCBuildConfiguration section */

/* Begin XCConfigurationList section */
		3343BA7F2F7DC0DA007EBB02 /* Build configuration list for PBXProject "wakatime-cli" */ = {
			isa = XCConfigurationList;
			buildConfigurations = (
				3343BA892F7DC0DA007EBB02 /* Debug */,
				3343BA8A2F7DC0DA007EBB02 /* Release */,
			);
			defaultConfigurationIsVisible = 0;
			defaultConfigurationName = Release;
		};
		3343BA8B2F7DC0DA007EBB02 /* Build configuration list for PBXNativeTarget "wakatime-cli" */ = {
			isa = XCConfigurationList;
			buildConfigurations = (
				3343BA8C2F7DC0DA007EBB02 /* Debug */,
				3343BA8D2F7DC0DA007EBB02 /* Release */,
			);
			defaultConfigurationIsVisible = 0;
			defaultConfigurationName = Release;
		};
/* End XCConfigurationList section */
	};
	rootObject = 3343BA7C2F7DC0DA007EBB02 /* Project object */;
}
